{
  "nodes": {
    "agenix": {
      "inputs": {
        "darwin": "darwin",
        "home-manager": "home-manager",
        "nixpkgs": [
          "nixpkgs"
        ],
        "systems": "systems"
      },
      "locked": {
        "lastModified": 1703433843,
        "narHash": "sha256-nmtA4KqFboWxxoOAA6Y1okHbZh+HsXaMPFkYHsoDRDw=",
        "owner": "ryantm",
        "repo": "agenix",
        "rev": "417caa847f9383e111d1397039c9d4337d024bf0",
        "type": "github"
      },
      "original": {
        "owner": "ryantm",
        "repo": "agenix",
        "type": "github"
      }
    },
    "chaotic": {
      "inputs": {
        "compare-to": "compare-to",
        "flake-schemas": "flake-schemas",
        "home-manager": "home-manager_2",
        "nixpkgs": "nixpkgs",
        "systems": "systems_2",
        "yafas": "yafas"
      },
      "locked": {
        "lastModified": 1706725791,
        "narHash": "sha256-3xpRyvxdLK99lPyAXzm5GsjRdtSJJ7uwxXQUPPNNlmY=",
        "owner": "chaotic-cx",
        "repo": "nyx",
        "rev": "c609893339987d806a36ffac3f70d05daa080879",
        "type": "github"
      },
      "original": {
        "owner": "chaotic-cx",
        "ref": "nyxpkgs-unstable",
        "repo": "nyx",
        "type": "github"
      }
    },
    "clj-lsp": {
      "inputs": {
        "clj-nix": "clj-nix",
        "flake-utils": "flake-utils",
        "nixpkgs": [
          "nixpkgs"
        ]
      },
      "locked": {
        "lastModified": 1706701580,
        "narHash": "sha256-OEV9hZZUSIEJL76mnDw+aywBZnrn4jBgKJlzV799HjU=",
        "owner": "clojure-lsp",
        "repo": "clojure-lsp",
        "rev": "a41ad3f73c1f6a0cf9c9346bbbb6c42c4d8eb824",
        "type": "github"
      },
      "original": {
        "owner": "clojure-lsp",
        "repo": "clojure-lsp",
        "type": "github"
      }
    },
    "clj-nix": {
      "inputs": {
        "devshell": "devshell",
        "nix-fetcher-data": "nix-fetcher-data",
        "nixpkgs": [
          "clj-lsp",
          "nixpkgs"
        ]
      },
      "locked": {
        "lastModified": 1689867456,
        "narHash": "sha256-vMQ7r3ghUyuTmFvZQ4ehIAeP93fWDswL3GunYVcmttg=",
        "owner": "jlesquembre",
        "repo": "clj-nix",
        "rev": "3dffacf858ec9eb882d06695734b5b4300aa9448",
        "type": "github"
      },
      "original": {
        "owner": "jlesquembre",
        "repo": "clj-nix",
        "type": "github"
      }
    },
    "compare-to": {
      "locked": {
        "lastModified": 1695341185,
        "narHash": "sha256-htO6DSbWyCgaDkxi7foPjXwJFPzGjVt3RRUbPSpNtZY=",
        "rev": "98b8e330823a3570d328720f87a1153f8a7f2224",
        "revCount": 2,
        "type": "tarball",
        "url": "https://api.flakehub.com/f/pinned/chaotic-cx/nix-empty-flake/0.1.2%2Brev-98b8e330823a3570d328720f87a1153f8a7f2224/018aba35-d228-7fa9-b205-7616c89ef4e0/source.tar.gz"
      },
      "original": {
        "type": "tarball",
        "url": "https://flakehub.com/f/chaotic-cx/nix-empty-flake/0.1.2.tar.gz"
      }
    },
    "darwin": {
      "inputs": {
        "nixpkgs": [
          "agenix",
          "nixpkgs"
        ]
      },
      "locked": {
        "lastModified": 1700795494,
        "narHash": "sha256-gzGLZSiOhf155FW7262kdHo2YDeugp3VuIFb4/GGng0=",
        "owner": "lnl7",
        "repo": "nix-darwin",
        "rev": "4b9b83d5a92e8c1fbfd8eb27eda375908c11ec4d",
        "type": "github"
      },
      "original": {
        "owner": "lnl7",
        "ref": "master",
        "repo": "nix-darwin",
        "type": "github"
      }
    },
    "devshell": {
      "inputs": {
        "nixpkgs": [
          "clj-lsp",
          "clj-nix",
          "nixpkgs"
        ],
        "systems": "systems_3"
      },
      "locked": {
        "lastModified": 1688380630,
        "narHash": "sha256-8ilApWVb1mAi4439zS3iFeIT0ODlbrifm/fegWwgHjA=",
        "owner": "numtide",
        "repo": "devshell",
        "rev": "f9238ec3d75cefbb2b42a44948c4e8fb1ae9a205",
        "type": "github"
      },
      "original": {
        "owner": "numtide",
        "repo": "devshell",
        "type": "github"
      }
    },
    "emacs-overlay": {
      "inputs": {
        "flake-utils": [
          "flake-utils"
        ],
        "nixpkgs": [
          "nixpkgs"
        ],
        "nixpkgs-stable": "nixpkgs-stable"
      },
      "locked": {
        "lastModified": 1706777546,
        "narHash": "sha256-ZOsu6wxxNXm5o6RfXTcsDHiTtXf6fxCeEEpu73RJVh0=",
        "owner": "nix-community",
        "repo": "emacs-overlay",
        "rev": "42f2c32d615b145ab47faeca4d9cfb48f7909052",
        "type": "github"
      },
      "original": {
        "owner": "nix-community",
        "repo": "emacs-overlay",
        "type": "github"
      }
    },
    "flake-compat": {
      "flake": false,
      "locked": {
        "lastModified": 1696426674,
        "narHash": "sha256-kvjfFW7WAETZlt09AgDn1MrtKzP7t90Vf7vypd3OL1U=",
        "owner": "edolstra",
        "repo": "flake-compat",
        "rev": "0f9255e01c2351cc7d116c072cb317785dd33b33",
        "type": "github"
      },
      "original": {
        "owner": "edolstra",
        "repo": "flake-compat",
        "type": "github"
      }
    },
    "flake-part": {
      "inputs": {
        "nixpkgs-lib": "nixpkgs-lib"
      },
      "locked": {
        "lastModified": 1685546676,
        "narHash": "sha256-XDbjJyAg6odX5Vj0Q22iI/gQuFvEkv9kamsSbQ+npaI=",
        "owner": "hercules-ci",
        "repo": "flake-parts",
        "rev": "6ef2707776c6379bc727faf3f83c0dd60b06e0c6",
        "type": "github"
      },
      "original": {
        "owner": "hercules-ci",
        "repo": "flake-parts",
        "type": "github"
      }
    },
    "flake-parts": {
      "inputs": {
        "nixpkgs-lib": "nixpkgs-lib_2"
      },
      "locked": {
        "lastModified": 1685546676,
        "narHash": "sha256-XDbjJyAg6odX5Vj0Q22iI/gQuFvEkv9kamsSbQ+npaI=",
        "owner": "hercules-ci",
        "repo": "flake-parts",
        "rev": "6ef2707776c6379bc727faf3f83c0dd60b06e0c6",
        "type": "github"
      },
      "original": {
        "id": "flake-parts",
        "type": "indirect"
      }
    },
    "flake-parts_2": {
      "inputs": {
        "nixpkgs-lib": [
          "nixpkgs"
        ]
      },
      "locked": {
        "lastModified": 1706569497,
        "narHash": "sha256-oixb0IDb5eZYw6BaVr/R/1pSoMh4rfJHkVnlgeRIeZs=",
        "owner": "hercules-ci",
        "repo": "flake-parts",
        "rev": "60c614008eed1d0383d21daac177a3e036192ed8",
        "type": "github"
      },
      "original": {
        "owner": "hercules-ci",
        "repo": "flake-parts",
        "type": "github"
      }
    },
    "flake-schemas": {
      "locked": {
        "lastModified": 1697467827,
        "narHash": "sha256-j8SR19V1SRysyJwpOBF4TLuAvAjF5t+gMiboN4gYQDU=",
        "rev": "764932025c817d4e500a8d2a4d8c565563923d29",
        "revCount": 29,
        "type": "tarball",
        "url": "https://api.flakehub.com/f/pinned/DeterminateSystems/flake-schemas/0.1.2/018b3da8-4cc3-7fbb-8ff7-1588413c53e2/source.tar.gz"
      },
      "original": {
        "type": "tarball",
        "url": "https://flakehub.com/f/DeterminateSystems/flake-schemas/0.1.1.tar.gz"
      }
    },
    "flake-utils": {
      "inputs": {
        "systems": "systems_4"
      },
      "locked": {
        "lastModified": 1689068808,
        "narHash": "sha256-6ixXo3wt24N/melDWjq70UuHQLxGV8jZvooRanIHXw0=",
        "owner": "numtide",
        "repo": "flake-utils",
        "rev": "919d646de7be200f3bf08cb76ae1f09402b6f9b4",
        "type": "github"
      },
      "original": {
        "owner": "numtide",
        "repo": "flake-utils",
        "type": "github"
      }
    },
    "flake-utils_2": {
      "inputs": {
        "systems": "systems_5"
      },
      "locked": {
        "lastModified": 1705309234,
        "narHash": "sha256-uNRRNRKmJyCRC/8y1RqBkqWBLM034y4qN7EprSdmgyA=",
        "owner": "numtide",
        "repo": "flake-utils",
        "rev": "1ef2e671c3b0c19053962c07dbda38332dcebf26",
        "type": "github"
      },
      "original": {
        "owner": "numtide",
        "repo": "flake-utils",
        "type": "github"
      }
    },
    "flake-utils_3": {
      "inputs": {
        "systems": "systems_6"
      },
      "locked": {
        "lastModified": 1701680307,
        "narHash": "sha256-kAuep2h5ajznlPMD9rnQyffWG8EM/C73lejGofXvdM8=",
        "owner": "numtide",
        "repo": "flake-utils",
        "rev": "4022d587cbbfd70fe950c1e2083a02621806a725",
        "type": "github"
      },
      "original": {
        "owner": "numtide",
        "repo": "flake-utils",
        "type": "github"
      }
    },
    "flake-utils_4": {
      "inputs": {
        "systems": "systems_7"
      },
      "locked": {
        "lastModified": 1701680307,
        "narHash": "sha256-kAuep2h5ajznlPMD9rnQyffWG8EM/C73lejGofXvdM8=",
        "owner": "numtide",
        "repo": "flake-utils",
        "rev": "4022d587cbbfd70fe950c1e2083a02621806a725",
        "type": "github"
      },
      "original": {
        "owner": "numtide",
        "repo": "flake-utils",
        "type": "github"
      }
    },
    "flake-utils_5": {
      "inputs": {
        "systems": "systems_8"
      },
      "locked": {
        "lastModified": 1705309234,
        "narHash": "sha256-uNRRNRKmJyCRC/8y1RqBkqWBLM034y4qN7EprSdmgyA=",
        "owner": "numtide",
        "repo": "flake-utils",
        "rev": "1ef2e671c3b0c19053962c07dbda38332dcebf26",
        "type": "github"
      },
      "original": {
        "owner": "numtide",
        "repo": "flake-utils",
        "type": "github"
      }
    },
    "gitignore": {
      "inputs": {
        "nixpkgs": [
          "prism_mc",
          "pre-commit-hooks",
          "nixpkgs"
        ]
      },
      "locked": {
        "lastModified": 1703887061,
        "narHash": "sha256-gGPa9qWNc6eCXT/+Z5/zMkyYOuRZqeFZBDbopNZQkuY=",
        "owner": "hercules-ci",
        "repo": "gitignore.nix",
        "rev": "43e1aa1308018f37118e34d3a9cb4f5e75dc11d5",
        "type": "github"
      },
      "original": {
        "owner": "hercules-ci",
        "repo": "gitignore.nix",
        "type": "github"
      }
    },
    "hm": {
      "inputs": {
        "nixpkgs": [
          "nixpkgs"
        ]
      },
      "locked": {
        "lastModified": 1706746258,
        "narHash": "sha256-9iNK1cP/dxCFh1NYVLJHijoJxlT3bXxTQToMDNZtjzU=",
        "owner": "nix-community",
        "repo": "home-manager",
        "rev": "2db6a2a42930ffff0ffd690dec3f2c0b6f4fe66d",
        "type": "github"
      },
      "original": {
        "owner": "nix-community",
        "repo": "home-manager",
        "type": "github"
      }
    },
    "home-manager": {
      "inputs": {
        "nixpkgs": [
          "agenix",
          "nixpkgs"
        ]
      },
      "locked": {
        "lastModified": 1703113217,
        "narHash": "sha256-7ulcXOk63TIT2lVDSExj7XzFx09LpdSAPtvgtM7yQPE=",
        "owner": "nix-community",
        "repo": "home-manager",
        "rev": "3bfaacf46133c037bb356193bd2f1765d9dc82c1",
        "type": "github"
      },
      "original": {
        "owner": "nix-community",
        "repo": "home-manager",
        "type": "github"
      }
    },
    "home-manager_2": {
      "inputs": {
        "nixpkgs": [
          "chaotic",
          "nixpkgs"
        ]
      },
      "locked": {
        "lastModified": 1702537497,
        "narHash": "sha256-br4Z7OFEHWN8oOnKf40BoS6QFt1EyVLqwaVGBG7/DT8=",
        "rev": "7a88cdedbda35f808ed2f329a7a811e0511870f9",
        "revCount": 3192,
        "type": "tarball",
        "url": "https://api.flakehub.com/f/pinned/nix-community/home-manager/0.1.3192%2Brev-7a88cdedbda35f808ed2f329a7a811e0511870f9/018c6725-7e9b-7e8e-bb57-f493c0e4f7dc/source.tar.gz"
      },
      "original": {
        "type": "tarball",
        "url": "https://flakehub.com/f/nix-community/home-manager/0.1.0.tar.gz"
      }
    },
    "libnbtplusplus": {
      "flake": false,
      "locked": {
        "lastModified": 1699286814,
        "narHash": "sha256-yy0q+bky80LtK1GWzz7qpM+aAGrOqLuewbid8WT1ilk=",
        "owner": "PrismLauncher",
        "repo": "libnbtplusplus",
        "rev": "23b955121b8217c1c348a9ed2483167a6f3ff4ad",
        "type": "github"
      },
      "original": {
        "owner": "PrismLauncher",
        "repo": "libnbtplusplus",
        "type": "github"
      }
    },
    "nil": {
      "inputs": {
        "flake-utils": "flake-utils_3",
        "nixpkgs": [
          "nixpkgs"
        ],
        "rust-overlay": "rust-overlay"
      },
      "locked": {
        "lastModified": 1704611696,
        "narHash": "sha256-4ZCgV5oHdEc3q+XaIzy//gh20uC/aSuAtMU9bsfgLZk=",
        "owner": "oxalica",
        "repo": "nil",
        "rev": "059d33a24bb76d2048740bcce936362bf54b5bc9",
        "type": "github"
      },
      "original": {
        "owner": "oxalica",
        "repo": "nil",
        "type": "github"
      }
    },
    "nix-fetcher-data": {
      "inputs": {
        "flake-part": "flake-part",
        "flake-parts": "flake-parts",
        "nixpkgs": [
          "clj-lsp",
          "clj-nix",
          "nixpkgs"
        ]
      },
      "locked": {
        "lastModified": 1685572850,
        "narHash": "sha256-lYKEqFG9F84xu51H1rM1u+Ip88cINL0+W26sT+vFEZc=",
        "owner": "jlesquembre",
        "repo": "nix-fetcher-data",
        "rev": "f14967db6c92c79b77419f52c22a698518c91120",
        "type": "github"
      },
      "original": {
        "owner": "jlesquembre",
        "repo": "nix-fetcher-data",
        "type": "github"
      }
    },
    "nix-flatpak": {
      "locked": {
        "lastModified": 1706716715,
        "narHash": "sha256-aoUh0585v3mMkqGV+aggvs9uZQdZWSqMEGGVUT1jX38=",
        "owner": "gmodena",
        "repo": "nix-flatpak",
        "rev": "30f6cb66a1be2a350b08b13e820122b0f3d4bd81",
        "type": "github"
      },
      "original": {
        "owner": "gmodena",
        "repo": "nix-flatpak",
        "type": "github"
      }
    },
    "nixpkgs": {
      "locked": {
        "lastModified": 1706550542,
        "narHash": "sha256-UcsnCG6wx++23yeER4Hg18CXWbgNpqNXcHIo5/1Y+hc=",
        "rev": "97b17f32362e475016f942bbdfda4a4a72a8a652",
        "revCount": 577948,
        "type": "tarball",
        "url": "https://api.flakehub.com/f/pinned/NixOS/nixpkgs/0.1.577948%2Brev-97b17f32362e475016f942bbdfda4a4a72a8a652/018d5e85-4e02-7200-b411-d764d60cd44e/source.tar.gz"
      },
      "original": {
        "type": "tarball",
        "url": "https://flakehub.com/f/NixOS/nixpkgs/0.1.0.tar.gz"
      }
    },
    "nixpkgs-lib": {
      "locked": {
        "dir": "lib",
        "lastModified": 1682879489,
        "narHash": "sha256-sASwo8gBt7JDnOOstnps90K1wxmVfyhsTPPNTGBPjjg=",
        "owner": "NixOS",
        "repo": "nixpkgs",
        "rev": "da45bf6ec7bbcc5d1e14d3795c025199f28e0de0",
        "type": "github"
      },
      "original": {
        "dir": "lib",
        "owner": "NixOS",
        "ref": "nixos-unstable",
        "repo": "nixpkgs",
        "type": "github"
      }
    },
    "nixpkgs-lib_2": {
      "locked": {
        "dir": "lib",
        "lastModified": 1682879489,
        "narHash": "sha256-sASwo8gBt7JDnOOstnps90K1wxmVfyhsTPPNTGBPjjg=",
        "owner": "NixOS",
        "repo": "nixpkgs",
        "rev": "da45bf6ec7bbcc5d1e14d3795c025199f28e0de0",
        "type": "github"
      },
      "original": {
        "dir": "lib",
        "owner": "NixOS",
        "ref": "nixos-unstable",
        "repo": "nixpkgs",
        "type": "github"
      }
    },
    "nixpkgs-stable": {
      "locked": {
        "lastModified": 1706515015,
        "narHash": "sha256-eFfY5A7wlYy3jD/75lx6IJRueg4noE+jowl0a8lIlVo=",
        "owner": "NixOS",
        "repo": "nixpkgs",
        "rev": "f4a8d6d5324c327dcc2d863eb7f3cc06ad630df4",
        "type": "github"
      },
      "original": {
        "owner": "NixOS",
        "ref": "nixos-23.11",
        "repo": "nixpkgs",
        "type": "github"
      }
    },
    "nixpkgs-stable_2": {
      "locked": {
        "lastModified": 1701282334,
        "narHash": "sha256-MxCVrXY6v4QmfTwIysjjaX0XUhqBbxTWWB4HXtDYsdk=",
        "owner": "NixOs",
        "repo": "nixpkgs",
        "rev": "057f9aecfb71c4437d2b27d3323df7f93c010b7e",
        "type": "github"
      },
      "original": {
        "owner": "NixOs",
        "ref": "23.11",
        "repo": "nixpkgs",
        "type": "github"
      }
    },
    "nixpkgs_2": {
      "locked": {
        "lastModified": 1706550542,
        "narHash": "sha256-UcsnCG6wx++23yeER4Hg18CXWbgNpqNXcHIo5/1Y+hc=",
        "owner": "NixOs",
        "repo": "nixpkgs",
        "rev": "97b17f32362e475016f942bbdfda4a4a72a8a652",
        "type": "github"
      },
      "original": {
        "owner": "NixOs",
        "ref": "nixos-unstable",
        "repo": "nixpkgs",
        "type": "github"
      }
    },
    "nixpkgs_3": {
      "locked": {
        "lastModified": 1706487304,
        "narHash": "sha256-LE8lVX28MV2jWJsidW13D2qrHU/RUUONendL2Q/WlJg=",
        "owner": "NixOS",
        "repo": "nixpkgs",
        "rev": "90f456026d284c22b3e3497be980b2e47d0b28ac",
        "type": "github"
      },
      "original": {
        "owner": "NixOS",
        "ref": "nixpkgs-unstable",
        "repo": "nixpkgs",
        "type": "github"
      }
    },
    "nur": {
      "locked": {
        "lastModified": 1706780651,
        "narHash": "sha256-sPhelIFxZLW3H82MinW4zjbQ0/eJr5tBKUIkoQU6lJY=",
        "owner": "nix-community",
        "repo": "NUR",
        "rev": "22a1c5173e73320bfbd4cbe31369b3337a913528",
        "type": "github"
      },
      "original": {
        "owner": "nix-community",
        "repo": "NUR",
        "type": "github"
      }
    },
    "pre-commit-hooks": {
      "inputs": {
        "flake-compat": [
          "prism_mc",
          "flake-compat"
        ],
        "flake-utils": "flake-utils_4",
        "gitignore": "gitignore",
        "nixpkgs": [
          "prism_mc",
          "nixpkgs"
        ],
        "nixpkgs-stable": [
          "prism_mc",
          "nixpkgs"
        ]
      },
      "locked": {
        "lastModified": 1705757126,
        "narHash": "sha256-Eksr+n4Q8EYZKAN0Scef5JK4H6FcHc+TKNHb95CWm+c=",
        "owner": "cachix",
        "repo": "pre-commit-hooks.nix",
        "rev": "f56597d53fd174f796b5a7d3ee0b494f9e2285cc",
        "type": "github"
      },
      "original": {
        "owner": "cachix",
        "repo": "pre-commit-hooks.nix",
        "type": "github"
      }
    },
    "prism_mc": {
      "inputs": {
        "flake-compat": "flake-compat",
        "flake-parts": [
          "flake-parts"
        ],
        "libnbtplusplus": "libnbtplusplus",
        "nixpkgs": [
          "nixpkgs"
        ],
        "pre-commit-hooks": "pre-commit-hooks"
      },
      "locked": {
        "lastModified": 1706416452,
        "narHash": "sha256-Ar9ugEGTxwIpOs7NgGRQu9/lvjWaos6QRrYq5WGSbJg=",
        "owner": "PrismLauncher",
        "repo": "PrismLauncher",
        "rev": "b0a473a5cecf8ad84c5669bf433f5d88e23f7202",
        "type": "github"
      },
      "original": {
        "owner": "PrismLauncher",
        "repo": "PrismLauncher",
        "type": "github"
      }
    },
    "root": {
      "inputs": {
        "agenix": "agenix",
        "chaotic": "chaotic",
        "clj-lsp": "clj-lsp",
        "emacs-overlay": "emacs-overlay",
        "flake-parts": "flake-parts_2",
        "flake-utils": "flake-utils_2",
        "hm": "hm",
        "nil": "nil",
        "nix-flatpak": "nix-flatpak",
        "nixpkgs": "nixpkgs_2",
        "nixpkgs-stable": "nixpkgs-stable_2",
        "nur": "nur",
        "prism_mc": "prism_mc",
        "ru-ov": "ru-ov"
      }
    },
    "ru-ov": {
      "inputs": {
        "flake-utils": "flake-utils_5",
        "nixpkgs": "nixpkgs_3"
      },
      "locked": {
        "lastModified": 1706753617,
        "narHash": "sha256-ZKqTFzhFwSWFEpQTJ0uXnfJBs5Y/po9/8TK4bzssdbs=",
        "owner": "oxalica",
        "repo": "rust-overlay",
        "rev": "58be43ae223034217ea1bd58c73210644031b687",
        "type": "github"
      },
      "original": {
        "owner": "oxalica",
        "repo": "rust-overlay",
        "type": "github"
      }
    },
    "rust-overlay": {
      "inputs": {
        "flake-utils": [
          "nil",
          "flake-utils"
        ],
        "nixpkgs": [
          "nil",
          "nixpkgs"
        ]
      },
      "locked": {
        "lastModified": 1704593904,
        "narHash": "sha256-nDoXZDTRdgF3b4n3m011y99nYFewvOl9UpzFvP8Rb3c=",
        "owner": "oxalica",
        "repo": "rust-overlay",
        "rev": "c36fd70a99decfa6e110c86f296a97613034a680",
        "type": "github"
      },
      "original": {
        "owner": "oxalica",
        "repo": "rust-overlay",
        "type": "github"
      }
    },
    "systems": {
      "locked": {
        "lastModified": 1681028828,
        "narHash": "sha256-Vy1rq5AaRuLzOxct8nz4T6wlgyUR7zLU309k9mBC768=",
        "owner": "nix-systems",
        "repo": "default",
        "rev": "da67096a3b9bf56a91d16901293e51ba5b49a27e",
        "type": "github"
      },
      "original": {
        "owner": "nix-systems",
        "repo": "default",
        "type": "github"
      }
    },
    "systems_2": {
      "locked": {
        "lastModified": 1689347949,
        "narHash": "sha256-12tWmuL2zgBgZkdoB6qXZsgJEH9LR3oUgpaQq2RbI80=",
        "owner": "nix-systems",
        "repo": "default-linux",
        "rev": "31732fcf5e8fea42e59c2488ad31a0e651500f68",
        "type": "github"
      },
      "original": {
        "owner": "nix-systems",
        "repo": "default-linux",
        "type": "github"
      }
    },
    "systems_3": {
      "locked": {
        "lastModified": 1681028828,
        "narHash": "sha256-Vy1rq5AaRuLzOxct8nz4T6wlgyUR7zLU309k9mBC768=",
        "owner": "nix-systems",
        "repo": "default",
        "rev": "da67096a3b9bf56a91d16901293e51ba5b49a27e",
        "type": "github"
      },
      "original": {
        "owner": "nix-systems",
        "repo": "default",
        "type": "github"
      }
    },
    "systems_4": {
      "locked": {
        "lastModified": 1681028828,
        "narHash": "sha256-Vy1rq5AaRuLzOxct8nz4T6wlgyUR7zLU309k9mBC768=",
        "owner": "nix-systems",
        "repo": "default",
        "rev": "da67096a3b9bf56a91d16901293e51ba5b49a27e",
        "type": "github"
      },
      "original": {
        "owner": "nix-systems",
        "repo": "default",
        "type": "github"
      }
    },
    "systems_5": {
      "locked": {
        "lastModified": 1681028828,
        "narHash": "sha256-Vy1rq5AaRuLzOxct8nz4T6wlgyUR7zLU309k9mBC768=",
        "owner": "nix-systems",
        "repo": "default",
        "rev": "da67096a3b9bf56a91d16901293e51ba5b49a27e",
        "type": "github"
      },
      "original": {
        "owner": "nix-systems",
        "repo": "default",
        "type": "github"
      }
    },
    "systems_6": {
      "locked": {
        "lastModified": 1681028828,
        "narHash": "sha256-Vy1rq5AaRuLzOxct8nz4T6wlgyUR7zLU309k9mBC768=",
        "owner": "nix-systems",
        "repo": "default",
        "rev": "da67096a3b9bf56a91d16901293e51ba5b49a27e",
        "type": "github"
      },
      "original": {
        "owner": "nix-systems",
        "repo": "default",
        "type": "github"
      }
    },
    "systems_7": {
      "locked": {
        "lastModified": 1681028828,
        "narHash": "sha256-Vy1rq5AaRuLzOxct8nz4T6wlgyUR7zLU309k9mBC768=",
        "owner": "nix-systems",
        "repo": "default",
        "rev": "da67096a3b9bf56a91d16901293e51ba5b49a27e",
        "type": "github"
      },
      "original": {
        "owner": "nix-systems",
        "repo": "default",
        "type": "github"
      }
    },
    "systems_8": {
      "locked": {
        "lastModified": 1681028828,
        "narHash": "sha256-Vy1rq5AaRuLzOxct8nz4T6wlgyUR7zLU309k9mBC768=",
        "owner": "nix-systems",
        "repo": "default",
        "rev": "da67096a3b9bf56a91d16901293e51ba5b49a27e",
        "type": "github"
      },
      "original": {
        "owner": "nix-systems",
        "repo": "default",
        "type": "github"
      }
    },
    "yafas": {
      "inputs": {
        "flake-schemas": [
          "chaotic",
          "flake-schemas"
        ],
        "systems": [
          "chaotic",
          "systems"
        ]
      },
      "locked": {
        "lastModified": 1695926485,
        "narHash": "sha256-wNFFnItckgSs8XeYhhv8vlJs2WF09fSQaWgw4xkDqHQ=",
        "rev": "7772afd6686458ca0ddbc599a52cf5d337367653",
        "revCount": 4,
        "type": "tarball",
        "url": "https://api.flakehub.com/f/pinned/UbiqueLambda/yafas/0.1.4%2Brev-7772afd6686458ca0ddbc599a52cf5d337367653/018add18-ebb4-72c6-93fe-d1d8da361703/source.tar.gz"
      },
      "original": {
        "type": "tarball",
        "url": "https://flakehub.com/f/UbiqueLambda/yafas/0.1.0.tar.gz"
      }
    }
  },
  "root": "root",
  "version": 7
}
